
Microsoft Visual Studio Solution File, Format Version 12.00
# Visual Studio Version 16
VisualStudioVersion = 16.0.30011.22
MinimumVisualStudioVersion = 10.0.40219.1
Project("{9A19103F-16F7-4668-BE54-9A1E7A4F7556}") = "UnitTests", "UnitTests\UnitTests.csproj", "{67CBBBA4-428F-483D-BB47-AFB18C3F309D}"
	ProjectSection(ProjectDependencies) = postProject
		{6505514A-A352-4B99-98A5-F95179022D94} = {6505514A-A352-4B99-98A5-F95179022D94}
	EndProjectSection
EndProject
Project("{9A19103F-16F7-4668-BE54-9A1E7A4F7556}") = "UnitNetcomparing", "UnitNetcomparing\UnitNetcomparing.csproj", "{D96A6CC1-61C5-4FF6-B2FB-88C46DC7FCA6}"
EndProject
Project("{FAE04EC0-301F-11D3-BF4B-00C04F79EFBC}") = "EngineeringUnits", "EngineeringUnits\EngineeringUnits.csproj", "{ECBCAB6F-EF44-4A2F-B262-87E3F1DCD5AA}"
EndProject
Project("{FAE04EC0-301F-11D3-BF4B-00C04F79EFBC}") = "CodeGen", "CodeGen\CodeGen.csproj", "{6505514A-A352-4B99-98A5-F95179022D94}"
EndProject
Global
	GlobalSection(SolutionConfigurationPlatforms) = preSolution
		Debug|Any CPU = Debug|Any CPU
		Release|Any CPU = Release|Any CPU
	EndGlobalSection
	GlobalSection(ProjectConfigurationPlatforms) = postSolution
		{67CBBBA4-428F-483D-BB47-AFB18C3F309D}.Debug|Any CPU.ActiveCfg = Debug|Any CPU
		{67CBBBA4-428F-483D-BB47-AFB18C3F309D}.Debug|Any CPU.Build.0 = Debug|Any CPU
		{67CBBBA4-428F-483D-BB47-AFB18C3F309D}.Release|Any CPU.ActiveCfg = Release|Any CPU
		{67CBBBA4-428F-483D-BB47-AFB18C3F309D}.Release|Any CPU.Build.0 = Release|Any CPU
		{D96A6CC1-61C5-4FF6-B2FB-88C46DC7FCA6}.Debug|Any CPU.ActiveCfg = Debug|Any CPU
		{D96A6CC1-61C5-4FF6-B2FB-88C46DC7FCA6}.Debug|Any CPU.Build.0 = Debug|Any CPU
		{D96A6CC1-61C5-4FF6-B2FB-88C46DC7FCA6}.Release|Any CPU.ActiveCfg = Release|Any CPU
		{D96A6CC1-61C5-4FF6-B2FB-88C46DC7FCA6}.Release|Any CPU.Build.0 = Release|Any CPU
		{ECBCAB6F-EF44-4A2F-B262-87E3F1DCD5AA}.Debug|Any CPU.ActiveCfg = Debug|Any CPU
		{ECBCAB6F-EF44-4A2F-B262-87E3F1DCD5AA}.Debug|Any CPU.Build.0 = Debug|Any CPU
		{ECBCAB6F-EF44-4A2F-B262-87E3F1DCD5AA}.Release|Any CPU.ActiveCfg = Release|Any CPU
		{ECBCAB6F-EF44-4A2F-B262-87E3F1DCD5AA}.Release|Any CPU.Build.0 = Release|Any CPU
		{6505514A-A352-4B99-98A5-F95179022D94}.Debug|Any CPU.ActiveCfg = Debug|Any CPU
		{6505514A-A352-4B99-98A5-F95179022D94}.Debug|Any CPU.Build.0 = Debug|Any CPU
		{6505514A-A352-4B99-98A5-F95179022D94}.Release|Any CPU.ActiveCfg = Release|Any CPU
		{6505514A-A352-4B99-98A5-F95179022D94}.Release|Any CPU.Build.0 = Release|Any CPU
	EndGlobalSection
	GlobalSection(SolutionProperties) = preSolution
		HideSolutionNode = FALSE
	EndGlobalSection
	GlobalSection(ExtensibilityGlobals) = postSolution
		SolutionGuid = {6987A812-FB15-4975-8A8A-8C449B4806D0}
	EndGlobalSection
EndGlobal
