Microsoft Visual Studio Solution File, Format Version 12.00
# Visual Studio Version 18
VisualStudioVersion = 18.2.11415.280
MinimumVisualStudioVersion = 10.0.40219.1
Project("{9A19103F-16F7-4668-BE54-9A1E7A4F7556}") = "UnitTests", "UnitTests\UnitTests.csproj", "{67CBBBA4-428F-483D-BB47-AFB18C3F309D}"
	ProjectSection(ProjectDependencies) = postProject
		{6505514A-A352-4B99-98A5-F95179022D94} = {6505514A-A352-4B99-98A5-F95179022D94}
	EndProjectSection
EndProject
Project("{9A19103F-16F7-4668-BE54-9A1E7A4F7556}") = "CodeGen", "CodeGen\CodeGen.csproj", "{6505514A-A352-4B99-98A5-F95179022D94}"
EndProject
Project("{9A19103F-16F7-4668-BE54-9A1E7A4F7556}") = "EngineeringUnits", "EngineeringUnits\EngineeringUnits.csproj", "{114FD29F-BCAF-44E1-9743-DF2A3C472C3E}"
EndProject
Project("{9A19103F-16F7-4668-BE54-9A1E7A4F7556}") = "Benchmark", "Benchmark\Benchmark.csproj", "{152827F3-48F2-47D7-BD7B-68AADB3241DC}"
EndProject
Project("{9A19103F-16F7-4668-BE54-9A1E7A4F7556}") = "Sandbox", "Sandbox\Sandbox.csproj", "{4250EA03-6D15-4E6E-AD63-8486598B49DA}"
EndProject
Project("{FAE04EC0-301F-11D3-BF4B-00C04F79EFBC}") = "EngineeringUnits.Analyzers", "EngineeringUnits.Analyzers\EngineeringUnits.Analyzers.csproj", "{5EAFFA38-F53E-46A2-BE56-11449C6BB865}"
EndProject
Project("{FAE04EC0-301F-11D3-BF4B-00C04F79EFBC}") = "CompareWithUnitNet", "CompareWithUnitNet\CompareWithUnitNet.csproj", "{0C1AB8E6-C8E8-4B57-BB09-44528AD66DFE}"
EndProject
Project("{2150E333-8FDC-42A3-9474-1A3956D46DE8}") = "Solution Items", "Solution Items", "{EB9338EF-4F48-4995-B77F-9C608F952558}"
	ProjectSection(SolutionItems) = preProject
		README.md = README.md
		README_NEW.md = README_NEW.md
	EndProjectSection
EndProject
Global
	GlobalSection(SolutionConfigurationPlatforms) = preSolution
		Debug|Any CPU = Debug|Any CPU
		Release|Any CPU = Release|Any CPU
	EndGlobalSection
	GlobalSection(ProjectConfigurationPlatforms) = postSolution
		{67CBBBA4-428F-483D-BB47-AFB18C3F309D}.Debug|Any CPU.ActiveCfg = Debug|Any CPU
		{67CBBBA4-428F-483D-BB47-AFB18C3F309D}.Debug|Any CPU.Build.0 = Debug|Any CPU
		{67CBBBA4-428F-483D-BB47-AFB18C3F309D}.Release|Any CPU.ActiveCfg = Release|Any CPU
		{67CBBBA4-428F-483D-BB47-AFB18C3F309D}.Release|Any CPU.Build.0 = Release|Any CPU
		{6505514A-A352-4B99-98A5-F95179022D94}.Debug|Any CPU.ActiveCfg = Debug|Any CPU
		{6505514A-A352-4B99-98A5-F95179022D94}.Debug|Any CPU.Build.0 = Debug|Any CPU
		{6505514A-A352-4B99-98A5-F95179022D94}.Release|Any CPU.ActiveCfg = Release|Any CPU
		{6505514A-A352-4B99-98A5-F95179022D94}.Release|Any CPU.Build.0 = Release|Any CPU
		{114FD29F-BCAF-44E1-9743-DF2A3C472C3E}.Debug|Any CPU.ActiveCfg = Debug|Any CPU
		{114FD29F-BCAF-44E1-9743-DF2A3C472C3E}.Debug|Any CPU.Build.0 = Debug|Any CPU
		{114FD29F-BCAF-44E1-9743-DF2A3C472C3E}.Release|Any CPU.ActiveCfg = Release|Any CPU
		{114FD29F-BCAF-44E1-9743-DF2A3C472C3E}.Release|Any CPU.Build.0 = Release|Any CPU
		{152827F3-48F2-47D7-BD7B-68AADB3241DC}.Debug|Any CPU.ActiveCfg = Debug|Any CPU
		{152827F3-48F2-47D7-BD7B-68AADB3241DC}.Debug|Any CPU.Build.0 = Debug|Any CPU
		{152827F3-48F2-47D7-BD7B-68AADB3241DC}.Release|Any CPU.ActiveCfg = Release|Any CPU
		{152827F3-48F2-47D7-BD7B-68AADB3241DC}.Release|Any CPU.Build.0 = Release|Any CPU
		{4250EA03-6D15-4E6E-AD63-8486598B49DA}.Debug|Any CPU.ActiveCfg = Debug|Any CPU
		{4250EA03-6D15-4E6E-AD63-8486598B49DA}.Debug|Any CPU.Build.0 = Debug|Any CPU
		{4250EA03-6D15-4E6E-AD63-8486598B49DA}.Release|Any CPU.ActiveCfg = Release|Any CPU
		{4250EA03-6D15-4E6E-AD63-8486598B49DA}.Release|Any CPU.Build.0 = Release|Any CPU
		{5EAFFA38-F53E-46A2-BE56-11449C6BB865}.Debug|Any CPU.ActiveCfg = Debug|Any CPU
		{5EAFFA38-F53E-46A2-BE56-11449C6BB865}.Debug|Any CPU.Build.0 = Debug|Any CPU
		{5EAFFA38-F53E-46A2-BE56-11449C6BB865}.Release|Any CPU.ActiveCfg = Release|Any CPU
		{5EAFFA38-F53E-46A2-BE56-11449C6BB865}.Release|Any CPU.Build.0 = Release|Any CPU
		{0C1AB8E6-C8E8-4B57-BB09-44528AD66DFE}.Debug|Any CPU.ActiveCfg = Debug|Any CPU
		{0C1AB8E6-C8E8-4B57-BB09-44528AD66DFE}.Debug|Any CPU.Build.0 = Debug|Any CPU
		{0C1AB8E6-C8E8-4B57-BB09-44528AD66DFE}.Release|Any CPU.ActiveCfg = Release|Any CPU
		{0C1AB8E6-C8E8-4B57-BB09-44528AD66DFE}.Release|Any CPU.Build.0 = Release|Any CPU
	EndGlobalSection
	GlobalSection(SolutionProperties) = preSolution
		HideSolutionNode = FALSE
	EndGlobalSection
	GlobalSection(ExtensibilityGlobals) = postSolution
		SolutionGuid = {6987A812-FB15-4975-8A8A-8C449B4806D0}
	EndGlobalSection
EndGlobal
