
Microsoft Visual Studio Solution File, Format Version 12.00
# Visual Studio Version 18
VisualStudioVersion = 18.2.11415.280
MinimumVisualStudioVersion = 10.0.40219.1
Project("{9A19103F-16F7-4668-BE54-9A1E7A4F7556}") = "UnitTests", "UnitTests\UnitTests.csproj", "{67CBBBA4-428F-483D-BB47-AFB18C3F309D}"
	ProjectSection(ProjectDependencies) = postProject
		{6505514A-A352-4B99-98A5-F95179022D94} = {6505514A-A352-4B99-98A5-F95179022D94}
	EndProjectSection
EndProject
Project("{9A19103F-16F7-4668-BE54-9A1E7A4F7556}") = "CodeGen", "CodeGen\CodeGen.csproj", "{6505514A-A352-4B99-98A5-F95179022D94}"
EndProject
Project("{9A19103F-16F7-4668-BE54-9A1E7A4F7556}") = "EngineeringUnits", "EngineeringUnits\EngineeringUnits.csproj", "{114FD29F-BCAF-44E1-9743-DF2A3C472C3E}"
EndProject
Project("{9A19103F-16F7-4668-BE54-9A1E7A4F7556}") = "Benchmark", "Benchmark\Benchmark.csproj", "{152827F3-48F2-47D7-BD7B-68AADB3241DC}"
EndProject
Project("{9A19103F-16F7-4668-BE54-9A1E7A4F7556}") = "Sandbox", "Sandbox\Sandbox.csproj", "{4250EA03-6D15-4E6E-AD63-8486598B49DA}"
EndProject
Project("{FAE04EC0-301F-11D3-BF4B-00C04F79EFBC}") = "EngineeringUnits.Analyzers", "EngineeringUnits.Analyzers\EngineeringUnits.Analyzers.csproj", "{5EAFFA38-F53E-46A2-BE56-11449C6BB865}"
EndProject
Project("{FAE04EC0-301F-11D3-BF4B-00C04F79EFBC}") = "CompareWithUnitNet", "CompareWithUnitNet\CompareWithUnitNet.csproj", "{0C1AB8E6-C8E8-4B57-BB09-44528AD66DFE}"
EndProject
Project("{2150E333-8FDC-42A3-9474-1A3956D46DE8}") = "Solution Items", "Solution Items", "{EB9338EF-4F48-4995-B77F-9C608F952558}"
	ProjectSection(SolutionItems) = preProject
		azure-pipelines.yml = azure-pipelines.yml
		README.md = README.md
	EndProjectSection
EndProject
Project("{FAE04EC0-301F-11D3-BF4B-00C04F79EFBC}") = "EngineeringUnits.Analyzers.Tests", "EngineeringUnits.Analyzers.Tests\EngineeringUnits.Analyzers.Tests.csproj", "{8372DE0F-B496-423D-BF70-7312D64235F5}"
EndProject
Project("{2150E333-8FDC-42A3-9474-1A3956D46DE8}") = "EngineeringUnits.Fast", "EngineeringUnits.Fast", "{769C0DFB-9897-8ED4-845A-F4C6449F1929}"
EndProject
Project("{FAE04EC0-301F-11D3-BF4B-00C04F79EFBC}") = "EngineeringUnits.Fast", "EngineeringUnits.Fast\EngineeringUnits.Fast\EngineeringUnits.Fast.csproj", "{E848CA1A-01B9-4002-8C7E-31ED42A283BF}"
EndProject
Project("{FAE04EC0-301F-11D3-BF4B-00C04F79EFBC}") = "EngineeringUnits.Analyzers.Fast", "EngineeringUnits.Fast\EngineeringUnits.Analyzers.Fast\EngineeringUnits.Analyzers.Fast.csproj", "{4173F9A7-C08D-4558-B122-AE2235E37058}"
EndProject
Project("{FAE04EC0-301F-11D3-BF4B-00C04F79EFBC}") = "EngineeringUnits.Analyzers.Tests.Fast", "EngineeringUnits.Fast\EngineeringUnits.Analyzers.Tests.Fast\EngineeringUnits.Analyzers.Tests.Fast.csproj", "{95BEF0F0-A379-4944-A619-763664EDBF65}"
EndProject
Project("{FAE04EC0-301F-11D3-BF4B-00C04F79EFBC}") = "UnitTests.Fast", "EngineeringUnits.Fast\UnitTests.Fast\UnitTests.Fast.csproj", "{9D400A4B-E1CA-49AD-9042-1A9AFC206A2A}"
EndProject
Project("{FAE04EC0-301F-11D3-BF4B-00C04F79EFBC}") = "Benchmark.Fast", "EngineeringUnits.Fast\Benchmark.Fast\Benchmark.Fast.csproj", "{8A5B7C1D-6247-47B8-8246-E161AB2B4142}"
EndProject
Project("{FAE04EC0-301F-11D3-BF4B-00C04F79EFBC}") = "CodeGen.Fast", "EngineeringUnits.Fast\CodeGen.Fast\CodeGen.Fast.csproj", "{55B972B3-CA82-449A-94B7-D5974D08AFA7}"
EndProject
Project("{FAE04EC0-301F-11D3-BF4B-00C04F79EFBC}") = "Sandbox.Fast", "EngineeringUnits.Fast\Sandbox.Fast\Sandbox.Fast.csproj", "{194276D0-E4D2-4C76-B258-964A354DFB02}"
EndProject
Project("{FAE04EC0-301F-11D3-BF4B-00C04F79EFBC}") = "EngineeringUnits.Fast.Bridge", "EngineeringUnits.Fast\EngineeringUnits.Fast.Bridge\EngineeringUnits.Fast.Bridge.csproj", "{6E1D727E-6CDF-4EE3-931C-9E8BB9613C58}"
EndProject
Global
	GlobalSection(SolutionConfigurationPlatforms) = preSolution
		Debug|Any CPU = Debug|Any CPU
		Debug|x64 = Debug|x64
		Debug|x86 = Debug|x86
		Release|Any CPU = Release|Any CPU
		Release|x64 = Release|x64
		Release|x86 = Release|x86
	EndGlobalSection
	GlobalSection(ProjectConfigurationPlatforms) = postSolution
		{67CBBBA4-428F-483D-BB47-AFB18C3F309D}.Debug|Any CPU.ActiveCfg = Debug|Any CPU
		{67CBBBA4-428F-483D-BB47-AFB18C3F309D}.Debug|Any CPU.Build.0 = Debug|Any CPU
		{67CBBBA4-428F-483D-BB47-AFB18C3F309D}.Debug|x64.ActiveCfg = Debug|Any CPU
		{67CBBBA4-428F-483D-BB47-AFB18C3F309D}.Debug|x64.Build.0 = Debug|Any CPU
		{67CBBBA4-428F-483D-BB47-AFB18C3F309D}.Debug|x86.ActiveCfg = Debug|Any CPU
		{67CBBBA4-428F-483D-BB47-AFB18C3F309D}.Debug|x86.Build.0 = Debug|Any CPU
		{67CBBBA4-428F-483D-BB47-AFB18C3F309D}.Release|Any CPU.ActiveCfg = Release|Any CPU
		{67CBBBA4-428F-483D-BB47-AFB18C3F309D}.Release|Any CPU.Build.0 = Release|Any CPU
		{67CBBBA4-428F-483D-BB47-AFB18C3F309D}.Release|x64.ActiveCfg = Release|Any CPU
		{67CBBBA4-428F-483D-BB47-AFB18C3F309D}.Release|x64.Build.0 = Release|Any CPU
		{67CBBBA4-428F-483D-BB47-AFB18C3F309D}.Release|x86.ActiveCfg = Release|Any CPU
		{67CBBBA4-428F-483D-BB47-AFB18C3F309D}.Release|x86.Build.0 = Release|Any CPU
		{6505514A-A352-4B99-98A5-F95179022D94}.Debug|Any CPU.ActiveCfg = Debug|Any CPU
		{6505514A-A352-4B99-98A5-F95179022D94}.Debug|Any CPU.Build.0 = Debug|Any CPU
		{6505514A-A352-4B99-98A5-F95179022D94}.Debug|x64.ActiveCfg = Debug|Any CPU
		{6505514A-A352-4B99-98A5-F95179022D94}.Debug|x64.Build.0 = Debug|Any CPU
		{6505514A-A352-4B99-98A5-F95179022D94}.Debug|x86.ActiveCfg = Debug|Any CPU
		{6505514A-A352-4B99-98A5-F95179022D94}.Debug|x86.Build.0 = Debug|Any CPU
		{6505514A-A352-4B99-98A5-F95179022D94}.Release|Any CPU.ActiveCfg = Release|Any CPU
		{6505514A-A352-4B99-98A5-F95179022D94}.Release|Any CPU.Build.0 = Release|Any CPU
		{6505514A-A352-4B99-98A5-F95179022D94}.Release|x64.ActiveCfg = Release|Any CPU
		{6505514A-A352-4B99-98A5-F95179022D94}.Release|x64.Build.0 = Release|Any CPU
		{6505514A-A352-4B99-98A5-F95179022D94}.Release|x86.ActiveCfg = Release|Any CPU
		{6505514A-A352-4B99-98A5-F95179022D94}.Release|x86.Build.0 = Release|Any CPU
		{114FD29F-BCAF-44E1-9743-DF2A3C472C3E}.Debug|Any CPU.ActiveCfg = Debug|Any CPU
		{114FD29F-BCAF-44E1-9743-DF2A3C472C3E}.Debug|Any CPU.Build.0 = Debug|Any CPU
		{114FD29F-BCAF-44E1-9743-DF2A3C472C3E}.Debug|x64.ActiveCfg = Debug|Any CPU
		{114FD29F-BCAF-44E1-9743-DF2A3C472C3E}.Debug|x64.Build.0 = Debug|Any CPU
		{114FD29F-BCAF-44E1-9743-DF2A3C472C3E}.Debug|x86.ActiveCfg = Debug|Any CPU
		{114FD29F-BCAF-44E1-9743-DF2A3C472C3E}.Debug|x86.Build.0 = Debug|Any CPU
		{114FD29F-BCAF-44E1-9743-DF2A3C472C3E}.Release|Any CPU.ActiveCfg = Release|Any CPU
		{114FD29F-BCAF-44E1-9743-DF2A3C472C3E}.Release|Any CPU.Build.0 = Release|Any CPU
		{114FD29F-BCAF-44E1-9743-DF2A3C472C3E}.Release|x64.ActiveCfg = Release|Any CPU
		{114FD29F-BCAF-44E1-9743-DF2A3C472C3E}.Release|x64.Build.0 = Release|Any CPU
		{114FD29F-BCAF-44E1-9743-DF2A3C472C3E}.Release|x86.ActiveCfg = Release|Any CPU
		{114FD29F-BCAF-44E1-9743-DF2A3C472C3E}.Release|x86.Build.0 = Release|Any CPU
		{152827F3-48F2-47D7-BD7B-68AADB3241DC}.Debug|Any CPU.ActiveCfg = Debug|Any CPU
		{152827F3-48F2-47D7-BD7B-68AADB3241DC}.Debug|Any CPU.Build.0 = Debug|Any CPU
		{152827F3-48F2-47D7-BD7B-68AADB3241DC}.Debug|x64.ActiveCfg = Debug|Any CPU
		{152827F3-48F2-47D7-BD7B-68AADB3241DC}.Debug|x64.Build.0 = Debug|Any CPU
		{152827F3-48F2-47D7-BD7B-68AADB3241DC}.Debug|x86.ActiveCfg = Debug|Any CPU
		{152827F3-48F2-47D7-BD7B-68AADB3241DC}.Debug|x86.Build.0 = Debug|Any CPU
		{152827F3-48F2-47D7-BD7B-68AADB3241DC}.Release|Any CPU.ActiveCfg = Release|Any CPU
		{152827F3-48F2-47D7-BD7B-68AADB3241DC}.Release|Any CPU.Build.0 = Release|Any CPU
		{152827F3-48F2-47D7-BD7B-68AADB3241DC}.Release|x64.ActiveCfg = Release|Any CPU
		{152827F3-48F2-47D7-BD7B-68AADB3241DC}.Release|x64.Build.0 = Release|Any CPU
		{152827F3-48F2-47D7-BD7B-68AADB3241DC}.Release|x86.ActiveCfg = Release|Any CPU
		{152827F3-48F2-47D7-BD7B-68AADB3241DC}.Release|x86.Build.0 = Release|Any CPU
		{4250EA03-6D15-4E6E-AD63-8486598B49DA}.Debug|Any CPU.ActiveCfg = Debug|Any CPU
		{4250EA03-6D15-4E6E-AD63-8486598B49DA}.Debug|Any CPU.Build.0 = Debug|Any CPU
		{4250EA03-6D15-4E6E-AD63-8486598B49DA}.Debug|x64.ActiveCfg = Debug|Any CPU
		{4250EA03-6D15-4E6E-AD63-8486598B49DA}.Debug|x64.Build.0 = Debug|Any CPU
		{4250EA03-6D15-4E6E-AD63-8486598B49DA}.Debug|x86.ActiveCfg = Debug|Any CPU
		{4250EA03-6D15-4E6E-AD63-8486598B49DA}.Debug|x86.Build.0 = Debug|Any CPU
		{4250EA03-6D15-4E6E-AD63-8486598B49DA}.Release|Any CPU.ActiveCfg = Release|Any CPU
		{4250EA03-6D15-4E6E-AD63-8486598B49DA}.Release|Any CPU.Build.0 = Release|Any CPU
		{4250EA03-6D15-4E6E-AD63-8486598B49DA}.Release|x64.ActiveCfg = Release|Any CPU
		{4250EA03-6D15-4E6E-AD63-8486598B49DA}.Release|x64.Build.0 = Release|Any CPU
		{4250EA03-6D15-4E6E-AD63-8486598B49DA}.Release|x86.ActiveCfg = Release|Any CPU
		{4250EA03-6D15-4E6E-AD63-8486598B49DA}.Release|x86.Build.0 = Release|Any CPU
		{5EAFFA38-F53E-46A2-BE56-11449C6BB865}.Debug|Any CPU.ActiveCfg = Debug|Any CPU
		{5EAFFA38-F53E-46A2-BE56-11449C6BB865}.Debug|Any CPU.Build.0 = Debug|Any CPU
		{5EAFFA38-F53E-46A2-BE56-11449C6BB865}.Debug|x64.ActiveCfg = Debug|Any CPU
		{5EAFFA38-F53E-46A2-BE56-11449C6BB865}.Debug|x64.Build.0 = Debug|Any CPU
		{5EAFFA38-F53E-46A2-BE56-11449C6BB865}.Debug|x86.ActiveCfg = Debug|Any CPU
		{5EAFFA38-F53E-46A2-BE56-11449C6BB865}.Debug|x86.Build.0 = Debug|Any CPU
		{5EAFFA38-F53E-46A2-BE56-11449C6BB865}.Release|Any CPU.ActiveCfg = Release|Any CPU
		{5EAFFA38-F53E-46A2-BE56-11449C6BB865}.Release|Any CPU.Build.0 = Release|Any CPU
		{5EAFFA38-F53E-46A2-BE56-11449C6BB865}.Release|x64.ActiveCfg = Release|Any CPU
		{5EAFFA38-F53E-46A2-BE56-11449C6BB865}.Release|x64.Build.0 = Release|Any CPU
		{5EAFFA38-F53E-46A2-BE56-11449C6BB865}.Release|x86.ActiveCfg = Release|Any CPU
		{5EAFFA38-F53E-46A2-BE56-11449C6BB865}.Release|x86.Build.0 = Release|Any CPU
		{0C1AB8E6-C8E8-4B57-BB09-44528AD66DFE}.Debug|Any CPU.ActiveCfg = Debug|Any CPU
		{0C1AB8E6-C8E8-4B57-BB09-44528AD66DFE}.Debug|Any CPU.Build.0 = Debug|Any CPU
		{0C1AB8E6-C8E8-4B57-BB09-44528AD66DFE}.Debug|x64.ActiveCfg = Debug|Any CPU
		{0C1AB8E6-C8E8-4B57-BB09-44528AD66DFE}.Debug|x64.Build.0 = Debug|Any CPU
		{0C1AB8E6-C8E8-4B57-BB09-44528AD66DFE}.Debug|x86.ActiveCfg = Debug|Any CPU
		{0C1AB8E6-C8E8-4B57-BB09-44528AD66DFE}.Debug|x86.Build.0 = Debug|Any CPU
		{0C1AB8E6-C8E8-4B57-BB09-44528AD66DFE}.Release|Any CPU.ActiveCfg = Release|Any CPU
		{0C1AB8E6-C8E8-4B57-BB09-44528AD66DFE}.Release|Any CPU.Build.0 = Release|Any CPU
		{0C1AB8E6-C8E8-4B57-BB09-44528AD66DFE}.Release|x64.ActiveCfg = Release|Any CPU
		{0C1AB8E6-C8E8-4B57-BB09-44528AD66DFE}.Release|x64.Build.0 = Release|Any CPU
		{0C1AB8E6-C8E8-4B57-BB09-44528AD66DFE}.Release|x86.ActiveCfg = Release|Any CPU
		{0C1AB8E6-C8E8-4B57-BB09-44528AD66DFE}.Release|x86.Build.0 = Release|Any CPU
		{8372DE0F-B496-423D-BF70-7312D64235F5}.Debug|Any CPU.ActiveCfg = Debug|Any CPU
		{8372DE0F-B496-423D-BF70-7312D64235F5}.Debug|Any CPU.Build.0 = Debug|Any CPU
		{8372DE0F-B496-423D-BF70-7312D64235F5}.Debug|x64.ActiveCfg = Debug|Any CPU
		{8372DE0F-B496-423D-BF70-7312D64235F5}.Debug|x64.Build.0 = Debug|Any CPU
		{8372DE0F-B496-423D-BF70-7312D64235F5}.Debug|x86.ActiveCfg = Debug|Any CPU
		{8372DE0F-B496-423D-BF70-7312D64235F5}.Debug|x86.Build.0 = Debug|Any CPU
		{8372DE0F-B496-423D-BF70-7312D64235F5}.Release|Any CPU.ActiveCfg = Release|Any CPU
		{8372DE0F-B496-423D-BF70-7312D64235F5}.Release|Any CPU.Build.0 = Release|Any CPU
		{8372DE0F-B496-423D-BF70-7312D64235F5}.Release|x64.ActiveCfg = Release|Any CPU
		{8372DE0F-B496-423D-BF70-7312D64235F5}.Release|x64.Build.0 = Release|Any CPU
		{8372DE0F-B496-423D-BF70-7312D64235F5}.Release|x86.ActiveCfg = Release|Any CPU
		{8372DE0F-B496-423D-BF70-7312D64235F5}.Release|x86.Build.0 = Release|Any CPU
		{E848CA1A-01B9-4002-8C7E-31ED42A283BF}.Debug|Any CPU.ActiveCfg = Debug|Any CPU
		{E848CA1A-01B9-4002-8C7E-31ED42A283BF}.Debug|Any CPU.Build.0 = Debug|Any CPU
		{E848CA1A-01B9-4002-8C7E-31ED42A283BF}.Debug|x64.ActiveCfg = Debug|Any CPU
		{E848CA1A-01B9-4002-8C7E-31ED42A283BF}.Debug|x64.Build.0 = Debug|Any CPU
		{E848CA1A-01B9-4002-8C7E-31ED42A283BF}.Debug|x86.ActiveCfg = Debug|Any CPU
		{E848CA1A-01B9-4002-8C7E-31ED42A283BF}.Debug|x86.Build.0 = Debug|Any CPU
		{E848CA1A-01B9-4002-8C7E-31ED42A283BF}.Release|Any CPU.ActiveCfg = Release|Any CPU
		{E848CA1A-01B9-4002-8C7E-31ED42A283BF}.Release|Any CPU.Build.0 = Release|Any CPU
		{E848CA1A-01B9-4002-8C7E-31ED42A283BF}.Release|x64.ActiveCfg = Release|Any CPU
		{E848CA1A-01B9-4002-8C7E-31ED42A283BF}.Release|x64.Build.0 = Release|Any CPU
		{E848CA1A-01B9-4002-8C7E-31ED42A283BF}.Release|x86.ActiveCfg = Release|Any CPU
		{E848CA1A-01B9-4002-8C7E-31ED42A283BF}.Release|x86.Build.0 = Release|Any CPU
		{4173F9A7-C08D-4558-B122-AE2235E37058}.Debug|Any CPU.ActiveCfg = Debug|Any CPU
		{4173F9A7-C08D-4558-B122-AE2235E37058}.Debug|Any CPU.Build.0 = Debug|Any CPU
		{4173F9A7-C08D-4558-B122-AE2235E37058}.Debug|x64.ActiveCfg = Debug|Any CPU
		{4173F9A7-C08D-4558-B122-AE2235E37058}.Debug|x64.Build.0 = Debug|Any CPU
		{4173F9A7-C08D-4558-B122-AE2235E37058}.Debug|x86.ActiveCfg = Debug|Any CPU
		{4173F9A7-C08D-4558-B122-AE2235E37058}.Debug|x86.Build.0 = Debug|Any CPU
		{4173F9A7-C08D-4558-B122-AE2235E37058}.Release|Any CPU.ActiveCfg = Release|Any CPU
		{4173F9A7-C08D-4558-B122-AE2235E37058}.Release|Any CPU.Build.0 = Release|Any CPU
		{4173F9A7-C08D-4558-B122-AE2235E37058}.Release|x64.ActiveCfg = Release|Any CPU
		{4173F9A7-C08D-4558-B122-AE2235E37058}.Release|x64.Build.0 = Release|Any CPU
		{4173F9A7-C08D-4558-B122-AE2235E37058}.Release|x86.ActiveCfg = Release|Any CPU
		{4173F9A7-C08D-4558-B122-AE2235E37058}.Release|x86.Build.0 = Release|Any CPU
		{95BEF0F0-A379-4944-A619-763664EDBF65}.Debug|Any CPU.ActiveCfg = Debug|Any CPU
		{95BEF0F0-A379-4944-A619-763664EDBF65}.Debug|Any CPU.Build.0 = Debug|Any CPU
		{95BEF0F0-A379-4944-A619-763664EDBF65}.Debug|x64.ActiveCfg = Debug|Any CPU
		{95BEF0F0-A379-4944-A619-763664EDBF65}.Debug|x64.Build.0 = Debug|Any CPU
		{95BEF0F0-A379-4944-A619-763664EDBF65}.Debug|x86.ActiveCfg = Debug|Any CPU
		{95BEF0F0-A379-4944-A619-763664EDBF65}.Debug|x86.Build.0 = Debug|Any CPU
		{95BEF0F0-A379-4944-A619-763664EDBF65}.Release|Any CPU.ActiveCfg = Release|Any CPU
		{95BEF0F0-A379-4944-A619-763664EDBF65}.Release|Any CPU.Build.0 = Release|Any CPU
		{95BEF0F0-A379-4944-A619-763664EDBF65}.Release|x64.ActiveCfg = Release|Any CPU
		{95BEF0F0-A379-4944-A619-763664EDBF65}.Release|x64.Build.0 = Release|Any CPU
		{95BEF0F0-A379-4944-A619-763664EDBF65}.Release|x86.ActiveCfg = Release|Any CPU
		{95BEF0F0-A379-4944-A619-763664EDBF65}.Release|x86.Build.0 = Release|Any CPU
		{9D400A4B-E1CA-49AD-9042-1A9AFC206A2A}.Debug|Any CPU.ActiveCfg = Debug|Any CPU
		{9D400A4B-E1CA-49AD-9042-1A9AFC206A2A}.Debug|Any CPU.Build.0 = Debug|Any CPU
		{9D400A4B-E1CA-49AD-9042-1A9AFC206A2A}.Debug|x64.ActiveCfg = Debug|Any CPU
		{9D400A4B-E1CA-49AD-9042-1A9AFC206A2A}.Debug|x64.Build.0 = Debug|Any CPU
		{9D400A4B-E1CA-49AD-9042-1A9AFC206A2A}.Debug|x86.ActiveCfg = Debug|Any CPU
		{9D400A4B-E1CA-49AD-9042-1A9AFC206A2A}.Debug|x86.Build.0 = Debug|Any CPU
		{9D400A4B-E1CA-49AD-9042-1A9AFC206A2A}.Release|Any CPU.ActiveCfg = Release|Any CPU
		{9D400A4B-E1CA-49AD-9042-1A9AFC206A2A}.Release|Any CPU.Build.0 = Release|Any CPU
		{9D400A4B-E1CA-49AD-9042-1A9AFC206A2A}.Release|x64.ActiveCfg = Release|Any CPU
		{9D400A4B-E1CA-49AD-9042-1A9AFC206A2A}.Release|x64.Build.0 = Release|Any CPU
		{9D400A4B-E1CA-49AD-9042-1A9AFC206A2A}.Release|x86.ActiveCfg = Release|Any CPU
		{9D400A4B-E1CA-49AD-9042-1A9AFC206A2A}.Release|x86.Build.0 = Release|Any CPU
		{8A5B7C1D-6247-47B8-8246-E161AB2B4142}.Debug|Any CPU.ActiveCfg = Debug|Any CPU
		{8A5B7C1D-6247-47B8-8246-E161AB2B4142}.Debug|Any CPU.Build.0 = Debug|Any CPU
		{8A5B7C1D-6247-47B8-8246-E161AB2B4142}.Debug|x64.ActiveCfg = Debug|Any CPU
		{8A5B7C1D-6247-47B8-8246-E161AB2B4142}.Debug|x64.Build.0 = Debug|Any CPU
		{8A5B7C1D-6247-47B8-8246-E161AB2B4142}.Debug|x86.ActiveCfg = Debug|Any CPU
		{8A5B7C1D-6247-47B8-8246-E161AB2B4142}.Debug|x86.Build.0 = Debug|Any CPU
		{8A5B7C1D-6247-47B8-8246-E161AB2B4142}.Release|Any CPU.ActiveCfg = Release|Any CPU
		{8A5B7C1D-6247-47B8-8246-E161AB2B4142}.Release|Any CPU.Build.0 = Release|Any CPU
		{8A5B7C1D-6247-47B8-8246-E161AB2B4142}.Release|x64.ActiveCfg = Release|Any CPU
		{8A5B7C1D-6247-47B8-8246-E161AB2B4142}.Release|x64.Build.0 = Release|Any CPU
		{8A5B7C1D-6247-47B8-8246-E161AB2B4142}.Release|x86.ActiveCfg = Release|Any CPU
		{8A5B7C1D-6247-47B8-8246-E161AB2B4142}.Release|x86.Build.0 = Release|Any CPU
		{55B972B3-CA82-449A-94B7-D5974D08AFA7}.Debug|Any CPU.ActiveCfg = Debug|Any CPU
		{55B972B3-CA82-449A-94B7-D5974D08AFA7}.Debug|Any CPU.Build.0 = Debug|Any CPU
		{55B972B3-CA82-449A-94B7-D5974D08AFA7}.Debug|x64.ActiveCfg = Debug|Any CPU
		{55B972B3-CA82-449A-94B7-D5974D08AFA7}.Debug|x64.Build.0 = Debug|Any CPU
		{55B972B3-CA82-449A-94B7-D5974D08AFA7}.Debug|x86.ActiveCfg = Debug|Any CPU
		{55B972B3-CA82-449A-94B7-D5974D08AFA7}.Debug|x86.Build.0 = Debug|Any CPU
		{55B972B3-CA82-449A-94B7-D5974D08AFA7}.Release|Any CPU.ActiveCfg = Release|Any CPU
		{55B972B3-CA82-449A-94B7-D5974D08AFA7}.Release|Any CPU.Build.0 = Release|Any CPU
		{55B972B3-CA82-449A-94B7-D5974D08AFA7}.Release|x64.ActiveCfg = Release|Any CPU
		{55B972B3-CA82-449A-94B7-D5974D08AFA7}.Release|x64.Build.0 = Release|Any CPU
		{55B972B3-CA82-449A-94B7-D5974D08AFA7}.Release|x86.ActiveCfg = Release|Any CPU
		{55B972B3-CA82-449A-94B7-D5974D08AFA7}.Release|x86.Build.0 = Release|Any CPU
		{194276D0-E4D2-4C76-B258-964A354DFB02}.Debug|Any CPU.ActiveCfg = Debug|Any CPU
		{194276D0-E4D2-4C76-B258-964A354DFB02}.Debug|Any CPU.Build.0 = Debug|Any CPU
		{194276D0-E4D2-4C76-B258-964A354DFB02}.Debug|x64.ActiveCfg = Debug|Any CPU
		{194276D0-E4D2-4C76-B258-964A354DFB02}.Debug|x64.Build.0 = Debug|Any CPU
		{194276D0-E4D2-4C76-B258-964A354DFB02}.Debug|x86.ActiveCfg = Debug|Any CPU
		{194276D0-E4D2-4C76-B258-964A354DFB02}.Debug|x86.Build.0 = Debug|Any CPU
		{194276D0-E4D2-4C76-B258-964A354DFB02}.Release|Any CPU.ActiveCfg = Release|Any CPU
		{194276D0-E4D2-4C76-B258-964A354DFB02}.Release|Any CPU.Build.0 = Release|Any CPU
		{194276D0-E4D2-4C76-B258-964A354DFB02}.Release|x64.ActiveCfg = Release|Any CPU
		{194276D0-E4D2-4C76-B258-964A354DFB02}.Release|x64.Build.0 = Release|Any CPU
		{194276D0-E4D2-4C76-B258-964A354DFB02}.Release|x86.ActiveCfg = Release|Any CPU
		{194276D0-E4D2-4C76-B258-964A354DFB02}.Release|x86.Build.0 = Release|Any CPU
		{6E1D727E-6CDF-4EE3-931C-9E8BB9613C58}.Debug|Any CPU.ActiveCfg = Debug|Any CPU
		{6E1D727E-6CDF-4EE3-931C-9E8BB9613C58}.Debug|Any CPU.Build.0 = Debug|Any CPU
		{6E1D727E-6CDF-4EE3-931C-9E8BB9613C58}.Debug|x64.ActiveCfg = Debug|Any CPU
		{6E1D727E-6CDF-4EE3-931C-9E8BB9613C58}.Debug|x64.Build.0 = Debug|Any CPU
		{6E1D727E-6CDF-4EE3-931C-9E8BB9613C58}.Debug|x86.ActiveCfg = Debug|Any CPU
		{6E1D727E-6CDF-4EE3-931C-9E8BB9613C58}.Debug|x86.Build.0 = Debug|Any CPU
		{6E1D727E-6CDF-4EE3-931C-9E8BB9613C58}.Release|Any CPU.ActiveCfg = Release|Any CPU
		{6E1D727E-6CDF-4EE3-931C-9E8BB9613C58}.Release|Any CPU.Build.0 = Release|Any CPU
		{6E1D727E-6CDF-4EE3-931C-9E8BB9613C58}.Release|x64.ActiveCfg = Release|Any CPU
		{6E1D727E-6CDF-4EE3-931C-9E8BB9613C58}.Release|x64.Build.0 = Release|Any CPU
		{6E1D727E-6CDF-4EE3-931C-9E8BB9613C58}.Release|x86.ActiveCfg = Release|Any CPU
		{6E1D727E-6CDF-4EE3-931C-9E8BB9613C58}.Release|x86.Build.0 = Release|Any CPU
	EndGlobalSection
	GlobalSection(SolutionProperties) = preSolution
		HideSolutionNode = FALSE
	EndGlobalSection
	GlobalSection(NestedProjects) = preSolution
		{E848CA1A-01B9-4002-8C7E-31ED42A283BF} = {769C0DFB-9897-8ED4-845A-F4C6449F1929}
		{4173F9A7-C08D-4558-B122-AE2235E37058} = {769C0DFB-9897-8ED4-845A-F4C6449F1929}
		{95BEF0F0-A379-4944-A619-763664EDBF65} = {769C0DFB-9897-8ED4-845A-F4C6449F1929}
		{9D400A4B-E1CA-49AD-9042-1A9AFC206A2A} = {769C0DFB-9897-8ED4-845A-F4C6449F1929}
		{8A5B7C1D-6247-47B8-8246-E161AB2B4142} = {769C0DFB-9897-8ED4-845A-F4C6449F1929}
		{55B972B3-CA82-449A-94B7-D5974D08AFA7} = {769C0DFB-9897-8ED4-845A-F4C6449F1929}
		{194276D0-E4D2-4C76-B258-964A354DFB02} = {769C0DFB-9897-8ED4-845A-F4C6449F1929}
		{6E1D727E-6CDF-4EE3-931C-9E8BB9613C58} = {769C0DFB-9897-8ED4-845A-F4C6449F1929}
	EndGlobalSection
	GlobalSection(ExtensibilityGlobals) = postSolution
		SolutionGuid = {6987A812-FB15-4975-8A8A-8C449B4806D0}
	EndGlobalSection
EndGlobal
